
Microsoft Visual Studio Solution File, Format Version 12.00
# Visual Studio Version 17
VisualStudioVersion = 17.13.35931.197 d17.13
MinimumVisualStudioVersion = 10.0.40219.1
Project("{FAE04EC0-301F-11D3-BF4B-00C04F79EFBC}") = "Vehículos", "Vehículos\Vehículos.csproj", "{3A5334FD-8B54-4AB2-B1E8-B977DEB50BD0}"
EndProject
Global
	GlobalSection(SolutionConfigurationPlatforms) = preSolution
		Debug|Any CPU = Debug|Any CPU
		Release|Any CPU = Release|Any CPU
	EndGlobalSection
	GlobalSection(ProjectConfigurationPlatforms) = postSolution
		{3A5334FD-8B54-4AB2-B1E8-B977DEB50BD0}.Debug|Any CPU.ActiveCfg = Debug|Any CPU
		{3A5334FD-8B54-4AB2-B1E8-B977DEB50BD0}.Debug|Any CPU.Build.0 = Debug|Any CPU
		{3A5334FD-8B54-4AB2-B1E8-B977DEB50BD0}.Release|Any CPU.ActiveCfg = Release|Any CPU
		{3A5334FD-8B54-4AB2-B1E8-B977DEB50BD0}.Release|Any CPU.Build.0 = Release|Any CPU
	EndGlobalSection
	GlobalSection(SolutionProperties) = preSolution
		HideSolutionNode = FALSE
	EndGlobalSection
	GlobalSection(ExtensibilityGlobals) = postSolution
		SolutionGuid = {82F4E7B5-8E1F-4B99-809F-28A0A6EF5342}
	EndGlobalSection
EndGlobal
