
Microsoft Visual Studio Solution File, Format Version 12.00
# Visual Studio Version 17
VisualStudioVersion = 17.13.35931.197 d17.13
MinimumVisualStudioVersion = 10.0.40219.1
Project("{FAE04EC0-301F-11D3-BF4B-00C04F79EFBC}") = "Semáforo", "Semáforo\Semáforo.csproj", "{FA424D37-88F1-4225-ADF6-1FE7749A550C}"
EndProject
Global
	GlobalSection(SolutionConfigurationPlatforms) = preSolution
		Debug|Any CPU = Debug|Any CPU
		Release|Any CPU = Release|Any CPU
	EndGlobalSection
	GlobalSection(ProjectConfigurationPlatforms) = postSolution
		{FA424D37-88F1-4225-ADF6-1FE7749A550C}.Debug|Any CPU.ActiveCfg = Debug|Any CPU
		{FA424D37-88F1-4225-ADF6-1FE7749A550C}.Debug|Any CPU.Build.0 = Debug|Any CPU
		{FA424D37-88F1-4225-ADF6-1FE7749A550C}.Release|Any CPU.ActiveCfg = Release|Any CPU
		{FA424D37-88F1-4225-ADF6-1FE7749A550C}.Release|Any CPU.Build.0 = Release|Any CPU
	EndGlobalSection
	GlobalSection(SolutionProperties) = preSolution
		HideSolutionNode = FALSE
	EndGlobalSection
	GlobalSection(ExtensibilityGlobals) = postSolution
		SolutionGuid = {15339D23-C978-4A7F-A593-5BEA64D6D13B}
	EndGlobalSection
EndGlobal
