
Microsoft Visual Studio Solution File, Format Version 12.00
# Visual Studio Version 17
VisualStudioVersion = 17.13.35931.197 d17.13
MinimumVisualStudioVersion = 10.0.40219.1
Project("{FAE04EC0-301F-11D3-BF4B-00C04F79EFBC}") = "Figura", "Figura\Figura.csproj", "{3DB00719-B705-48A9-8483-9756003C589F}"
EndProject
Global
	GlobalSection(SolutionConfigurationPlatforms) = preSolution
		Debug|Any CPU = Debug|Any CPU
		Release|Any CPU = Release|Any CPU
	EndGlobalSection
	GlobalSection(ProjectConfigurationPlatforms) = postSolution
		{3DB00719-B705-48A9-8483-9756003C589F}.Debug|Any CPU.ActiveCfg = Debug|Any CPU
		{3DB00719-B705-48A9-8483-9756003C589F}.Debug|Any CPU.Build.0 = Debug|Any CPU
		{3DB00719-B705-48A9-8483-9756003C589F}.Release|Any CPU.ActiveCfg = Release|Any CPU
		{3DB00719-B705-48A9-8483-9756003C589F}.Release|Any CPU.Build.0 = Release|Any CPU
	EndGlobalSection
	GlobalSection(SolutionProperties) = preSolution
		HideSolutionNode = FALSE
	EndGlobalSection
	GlobalSection(ExtensibilityGlobals) = postSolution
		SolutionGuid = {B3EABA3D-E559-4EFB-AD6A-1E7B3D4C7E6E}
	EndGlobalSection
EndGlobal
