
Microsoft Visual Studio Solution File, Format Version 12.00
# Visual Studio Version 17
VisualStudioVersion = 17.13.35931.197 d17.13
MinimumVisualStudioVersion = 10.0.40219.1
Project("{FAE04EC0-301F-11D3-BF4B-00C04F79EFBC}") = "Cronómetro", "Cronómetro\Cronómetro.csproj", "{EB3D18B3-1C8C-4521-94BB-27A57445C430}"
EndProject
Global
	GlobalSection(SolutionConfigurationPlatforms) = preSolution
		Debug|Any CPU = Debug|Any CPU
		Release|Any CPU = Release|Any CPU
	EndGlobalSection
	GlobalSection(ProjectConfigurationPlatforms) = postSolution
		{EB3D18B3-1C8C-4521-94BB-27A57445C430}.Debug|Any CPU.ActiveCfg = Debug|Any CPU
		{EB3D18B3-1C8C-4521-94BB-27A57445C430}.Debug|Any CPU.Build.0 = Debug|Any CPU
		{EB3D18B3-1C8C-4521-94BB-27A57445C430}.Release|Any CPU.ActiveCfg = Release|Any CPU
		{EB3D18B3-1C8C-4521-94BB-27A57445C430}.Release|Any CPU.Build.0 = Release|Any CPU
	EndGlobalSection
	GlobalSection(SolutionProperties) = preSolution
		HideSolutionNode = FALSE
	EndGlobalSection
	GlobalSection(ExtensibilityGlobals) = postSolution
		SolutionGuid = {071A03C4-1059-4BF1-BE32-BD5BE0A27A2C}
	EndGlobalSection
EndGlobal
