
Microsoft Visual Studio Solution File, Format Version 12.00
# Visual Studio Version 17
VisualStudioVersion = 17.13.35931.197 d17.13
MinimumVisualStudioVersion = 10.0.40219.1
Project("{FAE04EC0-301F-11D3-BF4B-00C04F79EFBC}") = "Sanatorio", "Sanatorio\Sanatorio.csproj", "{22BCABB1-7A13-417B-90FE-3ACC9718EE1E}"
EndProject
Global
	GlobalSection(SolutionConfigurationPlatforms) = preSolution
		Debug|Any CPU = Debug|Any CPU
		Release|Any CPU = Release|Any CPU
	EndGlobalSection
	GlobalSection(ProjectConfigurationPlatforms) = postSolution
		{22BCABB1-7A13-417B-90FE-3ACC9718EE1E}.Debug|Any CPU.ActiveCfg = Debug|Any CPU
		{22BCABB1-7A13-417B-90FE-3ACC9718EE1E}.Debug|Any CPU.Build.0 = Debug|Any CPU
		{22BCABB1-7A13-417B-90FE-3ACC9718EE1E}.Release|Any CPU.ActiveCfg = Release|Any CPU
		{22BCABB1-7A13-417B-90FE-3ACC9718EE1E}.Release|Any CPU.Build.0 = Release|Any CPU
	EndGlobalSection
	GlobalSection(SolutionProperties) = preSolution
		HideSolutionNode = FALSE
	EndGlobalSection
	GlobalSection(ExtensibilityGlobals) = postSolution
		SolutionGuid = {47CAE289-A539-4490-97F2-3A59BB7CAD8C}
	EndGlobalSection
EndGlobal
